
Microsoft Visual Studio Solution File, Format Version 12.00
# Visual Studio Version 17
VisualStudioVersion = 17.6.33829.357
MinimumVisualStudioVersion = 10.0.40219.1
Project("{2150E333-8FDC-42A3-9474-1A3956D46DE8}") = "Common", "Common", "{7FC6BF2F-73D5-4453-A0E4-FC63575473E9}"
EndProject
Project("{2150E333-8FDC-42A3-9474-1A3956D46DE8}") = "SDKDevices", "SDKDevices", "{1103DD50-7D4C-4256-8AEF-8DEB63B4AF73}"
EndProject
Project("{2150E333-8FDC-42A3-9474-1A3956D46DE8}") = "DeviceTransfer", "DeviceTransfer", "{3FD1E477-E194-41AD-B5AE-49EBDB14A33E}"
EndProject
Project("{2150E333-8FDC-42A3-9474-1A3956D46DE8}") = "Project", "Project", "{571099E3-BDEB-404A-93B1-F3DD8DDCFF24}"
EndProject
Project("{FAE04EC0-301F-11D3-BF4B-00C04F79EFBC}") = "ML.APIServices", "Common\ML.APIServices\ML.APIServices.csproj", "{195FB9AB-5160-42FA-B5E6-4A75D0F19ED8}"
EndProject
Project("{FAE04EC0-301F-11D3-BF4B-00C04F79EFBC}") = "ML.Common", "Common\ML.Common\ML.Common.csproj", "{3D08B682-51F3-4D84-97F3-5BCD34E2C691}"
EndProject
Project("{FAE04EC0-301F-11D3-BF4B-00C04F79EFBC}") = "ML.Connections", "Common\ML.Connections\ML.Connections.csproj", "{62791625-01B3-4CF0-AB9F-14CC33B9C82A}"
EndProject
Project("{FAE04EC0-301F-11D3-BF4B-00C04F79EFBC}") = "ML.DeviceTransfer.CodeActivator", "DeviceTransfer\ML.DeviceTransfer.CodeActivator\ML.DeviceTransfer.CodeActivator.csproj", "{6A290FBC-A9FC-4833-9C9C-875F0C284A5D}"
EndProject
Project("{FAE04EC0-301F-11D3-BF4B-00C04F79EFBC}") = "ML.Controls", "Common\ML.Controls\ML.Controls.csproj", "{100389C7-1BAA-44BC-9457-F07F5B85A862}"
EndProject
Project("{FAE04EC0-301F-11D3-BF4B-00C04F79EFBC}") = "ML.DatabaseConnections", "Common\ML.DatabaseConnections\ML.DatabaseConnections.csproj", "{79FC7557-E9F7-4EE7-BBCE-1F3DE05993FD}"
EndProject
Project("{FAE04EC0-301F-11D3-BF4B-00C04F79EFBC}") = "ML.Languages", "Common\ML.Languages\ML.Languages.csproj", "{765FE104-FABB-4E78-AEA9-643DC558479B}"
EndProject
Project("{FAE04EC0-301F-11D3-BF4B-00C04F79EFBC}") = "ML.LoggingControls", "Common\ML.LoggingControls\ML.LoggingControls.csproj", "{14258F52-5067-4D57-A903-57792ACD78EA}"
EndProject
Project("{FAE04EC0-301F-11D3-BF4B-00C04F79EFBC}") = "ML.DeviceTransfer", "DeviceTransfer\ML.DeviceTransfer\ML.DeviceTransfer.csproj", "{E096ABD8-A04F-4FAC-8F21-86A71A567213}"
EndProject
Project("{FAE04EC0-301F-11D3-BF4B-00C04F79EFBC}") = "ML.SDK.RFID", "SDKDevices\ML.SDK.RFID\ML.SDK.RFID.csproj", "{DDC9AAE3-D01C-4703-9439-3326B704927A}"
EndProject
Project("{FAE04EC0-301F-11D3-BF4B-00C04F79EFBC}") = "ML.SDK.Transfer", "SDKDevices\ML.SDK.Transfer\ML.SDK.Transfer.csproj", "{D98118D6-0927-462F-9285-24B0645868DF}"
EndProject
Project("{FAE04EC0-301F-11D3-BF4B-00C04F79EFBC}") = "ML.SolutionsProject", "ML.SolutionsProject\ML.SolutionsProject.csproj", "{F32B7435-A8A5-4631-8399-22CF3F2C3655}"
EndProject
Project("{FAE04EC0-301F-11D3-BF4B-00C04F79EFBC}") = "ML.AccountManagements", "Common\ML.AccountManagements\ML.AccountManagements.csproj", "{E695BBCD-73A0-4B69-AE05-8260E5855ED6}"
EndProject
Project("{FAE04EC0-301F-11D3-BF4B-00C04F79EFBC}") = "ML.SDK.RDIF_FX9600", "SDKDevices\ML.SDK.RDIF.FX9600\ML.SDK.RDIF_FX9600.csproj", "{87F17A18-4765-49A7-87F4-7FB9FDE1C6D9}"
EndProject
Project("{FAE04EC0-301F-11D3-BF4B-00C04F79EFBC}") = "ML.DeviceTransfer.PVCFCRFID", "DeviceTransfer\ML.DeviceTransfer.PVCFCRFID\ML.DeviceTransfer.PVCFCRFID.csproj", "{F57D31FC-CF4D-4DCC-9EE5-FFCF71429D79}"
EndProject
Project("{FAE04EC0-301F-11D3-BF4B-00C04F79EFBC}") = "App.PVCFC_RFID", "Project\App.PVCFC-RFID\App.PVCFC_RFID.csproj", "{161539B5-393F-41DA-AF4F-222F1ED5F41E}"
EndProject
Project("{FAE04EC0-301F-11D3-BF4B-00C04F79EFBC}") = "ML.SDK.DM60X", "ML.SDK.DM60X\ML.SDK.DM60X.csproj", "{BE57467E-F9D7-4A09-AF42-44E014876195}"
EndProject
Project("{FAE04EC0-301F-11D3-BF4B-00C04F79EFBC}") = "ML.DeviceTransfer.PVCFCDM60X", "ML.DeviceTransfer.PVCFCDM60X\ML.DeviceTransfer.PVCFCDM60X.csproj", "{C0077A16-D283-4434-ABDD-897E5D756197}"
EndProject
Project("{FAE04EC0-301F-11D3-BF4B-00C04F79EFBC}") = "ML.SDK.PRINTER", "SDKDevices\ML.SDK.PRINTER\ML.SDK.PRINTER.csproj", "{05205DCF-0C0D-430D-BC7B-2F6063ABFC10}"
EndProject
Global
	GlobalSection(SolutionConfigurationPlatforms) = preSolution
		CD_ROM|Any CPU = CD_ROM|Any CPU
		CD_ROM|Mixed Platforms = CD_ROM|Mixed Platforms
		CD_ROM|x64 = CD_ROM|x64
		Debug|Any CPU = Debug|Any CPU
		Debug|Mixed Platforms = Debug|Mixed Platforms
		Debug|x64 = Debug|x64
		DVD-5|Any CPU = DVD-5|Any CPU
		DVD-5|Mixed Platforms = DVD-5|Mixed Platforms
		DVD-5|x64 = DVD-5|x64
		Release|Any CPU = Release|Any CPU
		Release|Mixed Platforms = Release|Mixed Platforms
		Release|x64 = Release|x64
		SingleImage|Any CPU = SingleImage|Any CPU
		SingleImage|Mixed Platforms = SingleImage|Mixed Platforms
		SingleImage|x64 = SingleImage|x64
	EndGlobalSection
	GlobalSection(ProjectConfigurationPlatforms) = postSolution
		{195FB9AB-5160-42FA-B5E6-4A75D0F19ED8}.CD_ROM|Any CPU.ActiveCfg = Release|Any CPU
		{195FB9AB-5160-42FA-B5E6-4A75D0F19ED8}.CD_ROM|Any CPU.Build.0 = Release|Any CPU
		{195FB9AB-5160-42FA-B5E6-4A75D0F19ED8}.CD_ROM|Mixed Platforms.ActiveCfg = Debug|Any CPU
		{195FB9AB-5160-42FA-B5E6-4A75D0F19ED8}.CD_ROM|Mixed Platforms.Build.0 = Debug|Any CPU
		{195FB9AB-5160-42FA-B5E6-4A75D0F19ED8}.CD_ROM|x64.ActiveCfg = Release|x64
		{195FB9AB-5160-42FA-B5E6-4A75D0F19ED8}.CD_ROM|x64.Build.0 = Release|x64
		{195FB9AB-5160-42FA-B5E6-4A75D0F19ED8}.Debug|Any CPU.ActiveCfg = Debug|Any CPU
		{195FB9AB-5160-42FA-B5E6-4A75D0F19ED8}.Debug|Any CPU.Build.0 = Debug|Any CPU
		{195FB9AB-5160-42FA-B5E6-4A75D0F19ED8}.Debug|Mixed Platforms.ActiveCfg = Debug|Any CPU
		{195FB9AB-5160-42FA-B5E6-4A75D0F19ED8}.Debug|Mixed Platforms.Build.0 = Debug|Any CPU
		{195FB9AB-5160-42FA-B5E6-4A75D0F19ED8}.Debug|x64.ActiveCfg = Debug|x64
		{195FB9AB-5160-42FA-B5E6-4A75D0F19ED8}.Debug|x64.Build.0 = Debug|x64
		{195FB9AB-5160-42FA-B5E6-4A75D0F19ED8}.DVD-5|Any CPU.ActiveCfg = Debug|Any CPU
		{195FB9AB-5160-42FA-B5E6-4A75D0F19ED8}.DVD-5|Any CPU.Build.0 = Debug|Any CPU
		{195FB9AB-5160-42FA-B5E6-4A75D0F19ED8}.DVD-5|Mixed Platforms.ActiveCfg = Debug|Any CPU
		{195FB9AB-5160-42FA-B5E6-4A75D0F19ED8}.DVD-5|Mixed Platforms.Build.0 = Debug|Any CPU
		{195FB9AB-5160-42FA-B5E6-4A75D0F19ED8}.DVD-5|x64.ActiveCfg = Debug|x64
		{195FB9AB-5160-42FA-B5E6-4A75D0F19ED8}.DVD-5|x64.Build.0 = Debug|x64
		{195FB9AB-5160-42FA-B5E6-4A75D0F19ED8}.Release|Any CPU.ActiveCfg = Release|Any CPU
		{195FB9AB-5160-42FA-B5E6-4A75D0F19ED8}.Release|Any CPU.Build.0 = Release|Any CPU
		{195FB9AB-5160-42FA-B5E6-4A75D0F19ED8}.Release|Mixed Platforms.ActiveCfg = Release|Any CPU
		{195FB9AB-5160-42FA-B5E6-4A75D0F19ED8}.Release|Mixed Platforms.Build.0 = Release|Any CPU
		{195FB9AB-5160-42FA-B5E6-4A75D0F19ED8}.Release|x64.ActiveCfg = Release|x64
		{195FB9AB-5160-42FA-B5E6-4A75D0F19ED8}.Release|x64.Build.0 = Release|x64
		{195FB9AB-5160-42FA-B5E6-4A75D0F19ED8}.SingleImage|Any CPU.ActiveCfg = Release|Any CPU
		{195FB9AB-5160-42FA-B5E6-4A75D0F19ED8}.SingleImage|Any CPU.Build.0 = Release|Any CPU
		{195FB9AB-5160-42FA-B5E6-4A75D0F19ED8}.SingleImage|Mixed Platforms.ActiveCfg = Debug|Any CPU
		{195FB9AB-5160-42FA-B5E6-4A75D0F19ED8}.SingleImage|Mixed Platforms.Build.0 = Debug|Any CPU
		{195FB9AB-5160-42FA-B5E6-4A75D0F19ED8}.SingleImage|x64.ActiveCfg = Release|x64
		{195FB9AB-5160-42FA-B5E6-4A75D0F19ED8}.SingleImage|x64.Build.0 = Release|x64
		{3D08B682-51F3-4D84-97F3-5BCD34E2C691}.CD_ROM|Any CPU.ActiveCfg = Release|Any CPU
		{3D08B682-51F3-4D84-97F3-5BCD34E2C691}.CD_ROM|Any CPU.Build.0 = Release|Any CPU
		{3D08B682-51F3-4D84-97F3-5BCD34E2C691}.CD_ROM|Mixed Platforms.ActiveCfg = Debug|Any CPU
		{3D08B682-51F3-4D84-97F3-5BCD34E2C691}.CD_ROM|Mixed Platforms.Build.0 = Debug|Any CPU
		{3D08B682-51F3-4D84-97F3-5BCD34E2C691}.CD_ROM|x64.ActiveCfg = Release|x64
		{3D08B682-51F3-4D84-97F3-5BCD34E2C691}.CD_ROM|x64.Build.0 = Release|x64
		{3D08B682-51F3-4D84-97F3-5BCD34E2C691}.Debug|Any CPU.ActiveCfg = Debug|Any CPU
		{3D08B682-51F3-4D84-97F3-5BCD34E2C691}.Debug|Any CPU.Build.0 = Debug|Any CPU
		{3D08B682-51F3-4D84-97F3-5BCD34E2C691}.Debug|Mixed Platforms.ActiveCfg = Debug|Any CPU
		{3D08B682-51F3-4D84-97F3-5BCD34E2C691}.Debug|Mixed Platforms.Build.0 = Debug|Any CPU
		{3D08B682-51F3-4D84-97F3-5BCD34E2C691}.Debug|x64.ActiveCfg = Debug|x64
		{3D08B682-51F3-4D84-97F3-5BCD34E2C691}.Debug|x64.Build.0 = Debug|x64
		{3D08B682-51F3-4D84-97F3-5BCD34E2C691}.DVD-5|Any CPU.ActiveCfg = Debug|Any CPU
		{3D08B682-51F3-4D84-97F3-5BCD34E2C691}.DVD-5|Any CPU.Build.0 = Debug|Any CPU
		{3D08B682-51F3-4D84-97F3-5BCD34E2C691}.DVD-5|Mixed Platforms.ActiveCfg = Debug|Any CPU
		{3D08B682-51F3-4D84-97F3-5BCD34E2C691}.DVD-5|Mixed Platforms.Build.0 = Debug|Any CPU
		{3D08B682-51F3-4D84-97F3-5BCD34E2C691}.DVD-5|x64.ActiveCfg = Debug|x64
		{3D08B682-51F3-4D84-97F3-5BCD34E2C691}.DVD-5|x64.Build.0 = Debug|x64
		{3D08B682-51F3-4D84-97F3-5BCD34E2C691}.Release|Any CPU.ActiveCfg = Release|Any CPU
		{3D08B682-51F3-4D84-97F3-5BCD34E2C691}.Release|Any CPU.Build.0 = Release|Any CPU
		{3D08B682-51F3-4D84-97F3-5BCD34E2C691}.Release|Mixed Platforms.ActiveCfg = Release|Any CPU
		{3D08B682-51F3-4D84-97F3-5BCD34E2C691}.Release|Mixed Platforms.Build.0 = Release|Any CPU
		{3D08B682-51F3-4D84-97F3-5BCD34E2C691}.Release|x64.ActiveCfg = Release|x64
		{3D08B682-51F3-4D84-97F3-5BCD34E2C691}.Release|x64.Build.0 = Release|x64
		{3D08B682-51F3-4D84-97F3-5BCD34E2C691}.SingleImage|Any CPU.ActiveCfg = Release|Any CPU
		{3D08B682-51F3-4D84-97F3-5BCD34E2C691}.SingleImage|Any CPU.Build.0 = Release|Any CPU
		{3D08B682-51F3-4D84-97F3-5BCD34E2C691}.SingleImage|Mixed Platforms.ActiveCfg = Debug|Any CPU
		{3D08B682-51F3-4D84-97F3-5BCD34E2C691}.SingleImage|Mixed Platforms.Build.0 = Debug|Any CPU
		{3D08B682-51F3-4D84-97F3-5BCD34E2C691}.SingleImage|x64.ActiveCfg = Release|x64
		{3D08B682-51F3-4D84-97F3-5BCD34E2C691}.SingleImage|x64.Build.0 = Release|x64
		{62791625-01B3-4CF0-AB9F-14CC33B9C82A}.CD_ROM|Any CPU.ActiveCfg = Release|Any CPU
		{62791625-01B3-4CF0-AB9F-14CC33B9C82A}.CD_ROM|Any CPU.Build.0 = Release|Any CPU
		{62791625-01B3-4CF0-AB9F-14CC33B9C82A}.CD_ROM|Mixed Platforms.ActiveCfg = Debug|Any CPU
		{62791625-01B3-4CF0-AB9F-14CC33B9C82A}.CD_ROM|Mixed Platforms.Build.0 = Debug|Any CPU
		{62791625-01B3-4CF0-AB9F-14CC33B9C82A}.CD_ROM|x64.ActiveCfg = Release|x64
		{62791625-01B3-4CF0-AB9F-14CC33B9C82A}.CD_ROM|x64.Build.0 = Release|x64
		{62791625-01B3-4CF0-AB9F-14CC33B9C82A}.Debug|Any CPU.ActiveCfg = Debug|Any CPU
		{62791625-01B3-4CF0-AB9F-14CC33B9C82A}.Debug|Any CPU.Build.0 = Debug|Any CPU
		{62791625-01B3-4CF0-AB9F-14CC33B9C82A}.Debug|Mixed Platforms.ActiveCfg = Debug|Any CPU
		{62791625-01B3-4CF0-AB9F-14CC33B9C82A}.Debug|Mixed Platforms.Build.0 = Debug|Any CPU
		{62791625-01B3-4CF0-AB9F-14CC33B9C82A}.Debug|x64.ActiveCfg = Debug|x64
		{62791625-01B3-4CF0-AB9F-14CC33B9C82A}.Debug|x64.Build.0 = Debug|x64
		{62791625-01B3-4CF0-AB9F-14CC33B9C82A}.DVD-5|Any CPU.ActiveCfg = Debug|Any CPU
		{62791625-01B3-4CF0-AB9F-14CC33B9C82A}.DVD-5|Any CPU.Build.0 = Debug|Any CPU
		{62791625-01B3-4CF0-AB9F-14CC33B9C82A}.DVD-5|Mixed Platforms.ActiveCfg = Debug|Any CPU
		{62791625-01B3-4CF0-AB9F-14CC33B9C82A}.DVD-5|Mixed Platforms.Build.0 = Debug|Any CPU
		{62791625-01B3-4CF0-AB9F-14CC33B9C82A}.DVD-5|x64.ActiveCfg = Debug|x64
		{62791625-01B3-4CF0-AB9F-14CC33B9C82A}.DVD-5|x64.Build.0 = Debug|x64
		{62791625-01B3-4CF0-AB9F-14CC33B9C82A}.Release|Any CPU.ActiveCfg = Release|Any CPU
		{62791625-01B3-4CF0-AB9F-14CC33B9C82A}.Release|Any CPU.Build.0 = Release|Any CPU
		{62791625-01B3-4CF0-AB9F-14CC33B9C82A}.Release|Mixed Platforms.ActiveCfg = Release|Any CPU
		{62791625-01B3-4CF0-AB9F-14CC33B9C82A}.Release|Mixed Platforms.Build.0 = Release|Any CPU
		{62791625-01B3-4CF0-AB9F-14CC33B9C82A}.Release|x64.ActiveCfg = Release|x64
		{62791625-01B3-4CF0-AB9F-14CC33B9C82A}.Release|x64.Build.0 = Release|x64
		{62791625-01B3-4CF0-AB9F-14CC33B9C82A}.SingleImage|Any CPU.ActiveCfg = Release|Any CPU
		{62791625-01B3-4CF0-AB9F-14CC33B9C82A}.SingleImage|Any CPU.Build.0 = Release|Any CPU
		{62791625-01B3-4CF0-AB9F-14CC33B9C82A}.SingleImage|Mixed Platforms.ActiveCfg = Debug|Any CPU
		{62791625-01B3-4CF0-AB9F-14CC33B9C82A}.SingleImage|Mixed Platforms.Build.0 = Debug|Any CPU
		{62791625-01B3-4CF0-AB9F-14CC33B9C82A}.SingleImage|x64.ActiveCfg = Release|x64
		{62791625-01B3-4CF0-AB9F-14CC33B9C82A}.SingleImage|x64.Build.0 = Release|x64
		{6A290FBC-A9FC-4833-9C9C-875F0C284A5D}.CD_ROM|Any CPU.ActiveCfg = Release|Any CPU
		{6A290FBC-A9FC-4833-9C9C-875F0C284A5D}.CD_ROM|Any CPU.Build.0 = Release|Any CPU
		{6A290FBC-A9FC-4833-9C9C-875F0C284A5D}.CD_ROM|Mixed Platforms.ActiveCfg = Release|x86
		{6A290FBC-A9FC-4833-9C9C-875F0C284A5D}.CD_ROM|Mixed Platforms.Build.0 = Release|x86
		{6A290FBC-A9FC-4833-9C9C-875F0C284A5D}.CD_ROM|x64.ActiveCfg = Release|x64
		{6A290FBC-A9FC-4833-9C9C-875F0C284A5D}.CD_ROM|x64.Build.0 = Release|x64
		{6A290FBC-A9FC-4833-9C9C-875F0C284A5D}.Debug|Any CPU.ActiveCfg = Debug|Any CPU
		{6A290FBC-A9FC-4833-9C9C-875F0C284A5D}.Debug|Any CPU.Build.0 = Debug|Any CPU
		{6A290FBC-A9FC-4833-9C9C-875F0C284A5D}.Debug|Mixed Platforms.ActiveCfg = Debug|x86
		{6A290FBC-A9FC-4833-9C9C-875F0C284A5D}.Debug|Mixed Platforms.Build.0 = Debug|x86
		{6A290FBC-A9FC-4833-9C9C-875F0C284A5D}.Debug|x64.ActiveCfg = Debug|x86
		{6A290FBC-A9FC-4833-9C9C-875F0C284A5D}.DVD-5|Any CPU.ActiveCfg = Debug|Any CPU
		{6A290FBC-A9FC-4833-9C9C-875F0C284A5D}.DVD-5|Any CPU.Build.0 = Debug|Any CPU
		{6A290FBC-A9FC-4833-9C9C-875F0C284A5D}.DVD-5|Mixed Platforms.ActiveCfg = Debug|x86
		{6A290FBC-A9FC-4833-9C9C-875F0C284A5D}.DVD-5|Mixed Platforms.Build.0 = Debug|x86
		{6A290FBC-A9FC-4833-9C9C-875F0C284A5D}.DVD-5|x64.ActiveCfg = Debug|x64
		{6A290FBC-A9FC-4833-9C9C-875F0C284A5D}.DVD-5|x64.Build.0 = Debug|x64
		{6A290FBC-A9FC-4833-9C9C-875F0C284A5D}.Release|Any CPU.ActiveCfg = Release|Any CPU
		{6A290FBC-A9FC-4833-9C9C-875F0C284A5D}.Release|Any CPU.Build.0 = Release|Any CPU
		{6A290FBC-A9FC-4833-9C9C-875F0C284A5D}.Release|Mixed Platforms.ActiveCfg = Release|x86
		{6A290FBC-A9FC-4833-9C9C-875F0C284A5D}.Release|Mixed Platforms.Build.0 = Release|x86
		{6A290FBC-A9FC-4833-9C9C-875F0C284A5D}.Release|x64.ActiveCfg = Release|x86
		{6A290FBC-A9FC-4833-9C9C-875F0C284A5D}.SingleImage|Any CPU.ActiveCfg = Release|Any CPU
		{6A290FBC-A9FC-4833-9C9C-875F0C284A5D}.SingleImage|Any CPU.Build.0 = Release|Any CPU
		{6A290FBC-A9FC-4833-9C9C-875F0C284A5D}.SingleImage|Mixed Platforms.ActiveCfg = Release|x86
		{6A290FBC-A9FC-4833-9C9C-875F0C284A5D}.SingleImage|Mixed Platforms.Build.0 = Release|x86
		{6A290FBC-A9FC-4833-9C9C-875F0C284A5D}.SingleImage|x64.ActiveCfg = Release|x64
		{6A290FBC-A9FC-4833-9C9C-875F0C284A5D}.SingleImage|x64.Build.0 = Release|x64
		{100389C7-1BAA-44BC-9457-F07F5B85A862}.CD_ROM|Any CPU.ActiveCfg = Release|Any CPU
		{100389C7-1BAA-44BC-9457-F07F5B85A862}.CD_ROM|Any CPU.Build.0 = Release|Any CPU
		{100389C7-1BAA-44BC-9457-F07F5B85A862}.CD_ROM|Mixed Platforms.ActiveCfg = Debug|Any CPU
		{100389C7-1BAA-44BC-9457-F07F5B85A862}.CD_ROM|Mixed Platforms.Build.0 = Debug|Any CPU
		{100389C7-1BAA-44BC-9457-F07F5B85A862}.CD_ROM|x64.ActiveCfg = Release|x64
		{100389C7-1BAA-44BC-9457-F07F5B85A862}.CD_ROM|x64.Build.0 = Release|x64
		{100389C7-1BAA-44BC-9457-F07F5B85A862}.Debug|Any CPU.ActiveCfg = Debug|Any CPU
		{100389C7-1BAA-44BC-9457-F07F5B85A862}.Debug|Any CPU.Build.0 = Debug|Any CPU
		{100389C7-1BAA-44BC-9457-F07F5B85A862}.Debug|Mixed Platforms.ActiveCfg = Debug|Any CPU
		{100389C7-1BAA-44BC-9457-F07F5B85A862}.Debug|Mixed Platforms.Build.0 = Debug|Any CPU
		{100389C7-1BAA-44BC-9457-F07F5B85A862}.Debug|x64.ActiveCfg = Debug|x64
		{100389C7-1BAA-44BC-9457-F07F5B85A862}.Debug|x64.Build.0 = Debug|x64
		{100389C7-1BAA-44BC-9457-F07F5B85A862}.DVD-5|Any CPU.ActiveCfg = Debug|Any CPU
		{100389C7-1BAA-44BC-9457-F07F5B85A862}.DVD-5|Any CPU.Build.0 = Debug|Any CPU
		{100389C7-1BAA-44BC-9457-F07F5B85A862}.DVD-5|Mixed Platforms.ActiveCfg = Debug|Any CPU
		{100389C7-1BAA-44BC-9457-F07F5B85A862}.DVD-5|Mixed Platforms.Build.0 = Debug|Any CPU
		{100389C7-1BAA-44BC-9457-F07F5B85A862}.DVD-5|x64.ActiveCfg = Debug|x64
		{100389C7-1BAA-44BC-9457-F07F5B85A862}.DVD-5|x64.Build.0 = Debug|x64
		{100389C7-1BAA-44BC-9457-F07F5B85A862}.Release|Any CPU.ActiveCfg = Release|Any CPU
		{100389C7-1BAA-44BC-9457-F07F5B85A862}.Release|Any CPU.Build.0 = Release|Any CPU
		{100389C7-1BAA-44BC-9457-F07F5B85A862}.Release|Mixed Platforms.ActiveCfg = Release|Any CPU
		{100389C7-1BAA-44BC-9457-F07F5B85A862}.Release|Mixed Platforms.Build.0 = Release|Any CPU
		{100389C7-1BAA-44BC-9457-F07F5B85A862}.Release|x64.ActiveCfg = Release|x64
		{100389C7-1BAA-44BC-9457-F07F5B85A862}.Release|x64.Build.0 = Release|x64
		{100389C7-1BAA-44BC-9457-F07F5B85A862}.SingleImage|Any CPU.ActiveCfg = Release|Any CPU
		{100389C7-1BAA-44BC-9457-F07F5B85A862}.SingleImage|Any CPU.Build.0 = Release|Any CPU
		{100389C7-1BAA-44BC-9457-F07F5B85A862}.SingleImage|Mixed Platforms.ActiveCfg = Debug|Any CPU
		{100389C7-1BAA-44BC-9457-F07F5B85A862}.SingleImage|Mixed Platforms.Build.0 = Debug|Any CPU
		{100389C7-1BAA-44BC-9457-F07F5B85A862}.SingleImage|x64.ActiveCfg = Release|x64
		{100389C7-1BAA-44BC-9457-F07F5B85A862}.SingleImage|x64.Build.0 = Release|x64
		{79FC7557-E9F7-4EE7-BBCE-1F3DE05993FD}.CD_ROM|Any CPU.ActiveCfg = Release|Any CPU
		{79FC7557-E9F7-4EE7-BBCE-1F3DE05993FD}.CD_ROM|Any CPU.Build.0 = Release|Any CPU
		{79FC7557-E9F7-4EE7-BBCE-1F3DE05993FD}.CD_ROM|Mixed Platforms.ActiveCfg = Debug|Any CPU
		{79FC7557-E9F7-4EE7-BBCE-1F3DE05993FD}.CD_ROM|Mixed Platforms.Build.0 = Debug|Any CPU
		{79FC7557-E9F7-4EE7-BBCE-1F3DE05993FD}.CD_ROM|x64.ActiveCfg = Release|x64
		{79FC7557-E9F7-4EE7-BBCE-1F3DE05993FD}.CD_ROM|x64.Build.0 = Release|x64
		{79FC7557-E9F7-4EE7-BBCE-1F3DE05993FD}.Debug|Any CPU.ActiveCfg = Debug|Any CPU
		{79FC7557-E9F7-4EE7-BBCE-1F3DE05993FD}.Debug|Any CPU.Build.0 = Debug|Any CPU
		{79FC7557-E9F7-4EE7-BBCE-1F3DE05993FD}.Debug|Mixed Platforms.ActiveCfg = Debug|Any CPU
		{79FC7557-E9F7-4EE7-BBCE-1F3DE05993FD}.Debug|Mixed Platforms.Build.0 = Debug|Any CPU
		{79FC7557-E9F7-4EE7-BBCE-1F3DE05993FD}.Debug|x64.ActiveCfg = Debug|x64
		{79FC7557-E9F7-4EE7-BBCE-1F3DE05993FD}.Debug|x64.Build.0 = Debug|x64
		{79FC7557-E9F7-4EE7-BBCE-1F3DE05993FD}.DVD-5|Any CPU.ActiveCfg = Debug|Any CPU
		{79FC7557-E9F7-4EE7-BBCE-1F3DE05993FD}.DVD-5|Any CPU.Build.0 = Debug|Any CPU
		{79FC7557-E9F7-4EE7-BBCE-1F3DE05993FD}.DVD-5|Mixed Platforms.ActiveCfg = Debug|Any CPU
		{79FC7557-E9F7-4EE7-BBCE-1F3DE05993FD}.DVD-5|Mixed Platforms.Build.0 = Debug|Any CPU
		{79FC7557-E9F7-4EE7-BBCE-1F3DE05993FD}.DVD-5|x64.ActiveCfg = Debug|x64
		{79FC7557-E9F7-4EE7-BBCE-1F3DE05993FD}.DVD-5|x64.Build.0 = Debug|x64
		{79FC7557-E9F7-4EE7-BBCE-1F3DE05993FD}.Release|Any CPU.ActiveCfg = Release|Any CPU
		{79FC7557-E9F7-4EE7-BBCE-1F3DE05993FD}.Release|Any CPU.Build.0 = Release|Any CPU
		{79FC7557-E9F7-4EE7-BBCE-1F3DE05993FD}.Release|Mixed Platforms.ActiveCfg = Release|Any CPU
		{79FC7557-E9F7-4EE7-BBCE-1F3DE05993FD}.Release|Mixed Platforms.Build.0 = Release|Any CPU
		{79FC7557-E9F7-4EE7-BBCE-1F3DE05993FD}.Release|x64.ActiveCfg = Release|x64
		{79FC7557-E9F7-4EE7-BBCE-1F3DE05993FD}.Release|x64.Build.0 = Release|x64
		{79FC7557-E9F7-4EE7-BBCE-1F3DE05993FD}.SingleImage|Any CPU.ActiveCfg = Release|Any CPU
		{79FC7557-E9F7-4EE7-BBCE-1F3DE05993FD}.SingleImage|Any CPU.Build.0 = Release|Any CPU
		{79FC7557-E9F7-4EE7-BBCE-1F3DE05993FD}.SingleImage|Mixed Platforms.ActiveCfg = Debug|Any CPU
		{79FC7557-E9F7-4EE7-BBCE-1F3DE05993FD}.SingleImage|Mixed Platforms.Build.0 = Debug|Any CPU
		{79FC7557-E9F7-4EE7-BBCE-1F3DE05993FD}.SingleImage|x64.ActiveCfg = Release|x64
		{79FC7557-E9F7-4EE7-BBCE-1F3DE05993FD}.SingleImage|x64.Build.0 = Release|x64
		{765FE104-FABB-4E78-AEA9-643DC558479B}.CD_ROM|Any CPU.ActiveCfg = Release|Any CPU
		{765FE104-FABB-4E78-AEA9-643DC558479B}.CD_ROM|Any CPU.Build.0 = Release|Any CPU
		{765FE104-FABB-4E78-AEA9-643DC558479B}.CD_ROM|Mixed Platforms.ActiveCfg = Debug|Any CPU
		{765FE104-FABB-4E78-AEA9-643DC558479B}.CD_ROM|Mixed Platforms.Build.0 = Debug|Any CPU
		{765FE104-FABB-4E78-AEA9-643DC558479B}.CD_ROM|x64.ActiveCfg = Release|x64
		{765FE104-FABB-4E78-AEA9-643DC558479B}.CD_ROM|x64.Build.0 = Release|x64
		{765FE104-FABB-4E78-AEA9-643DC558479B}.Debug|Any CPU.ActiveCfg = Debug|Any CPU
		{765FE104-FABB-4E78-AEA9-643DC558479B}.Debug|Any CPU.Build.0 = Debug|Any CPU
		{765FE104-FABB-4E78-AEA9-643DC558479B}.Debug|Mixed Platforms.ActiveCfg = Debug|Any CPU
		{765FE104-FABB-4E78-AEA9-643DC558479B}.Debug|Mixed Platforms.Build.0 = Debug|Any CPU
		{765FE104-FABB-4E78-AEA9-643DC558479B}.Debug|x64.ActiveCfg = Debug|x64
		{765FE104-FABB-4E78-AEA9-643DC558479B}.Debug|x64.Build.0 = Debug|x64
		{765FE104-FABB-4E78-AEA9-643DC558479B}.DVD-5|Any CPU.ActiveCfg = Debug|Any CPU
		{765FE104-FABB-4E78-AEA9-643DC558479B}.DVD-5|Any CPU.Build.0 = Debug|Any CPU
		{765FE104-FABB-4E78-AEA9-643DC558479B}.DVD-5|Mixed Platforms.ActiveCfg = Debug|Any CPU
		{765FE104-FABB-4E78-AEA9-643DC558479B}.DVD-5|Mixed Platforms.Build.0 = Debug|Any CPU
		{765FE104-FABB-4E78-AEA9-643DC558479B}.DVD-5|x64.ActiveCfg = Debug|x64
		{765FE104-FABB-4E78-AEA9-643DC558479B}.DVD-5|x64.Build.0 = Debug|x64
		{765FE104-FABB-4E78-AEA9-643DC558479B}.Release|Any CPU.ActiveCfg = Release|Any CPU
		{765FE104-FABB-4E78-AEA9-643DC558479B}.Release|Any CPU.Build.0 = Release|Any CPU
		{765FE104-FABB-4E78-AEA9-643DC558479B}.Release|Mixed Platforms.ActiveCfg = Release|Any CPU
		{765FE104-FABB-4E78-AEA9-643DC558479B}.Release|Mixed Platforms.Build.0 = Release|Any CPU
		{765FE104-FABB-4E78-AEA9-643DC558479B}.Release|x64.ActiveCfg = Release|x64
		{765FE104-FABB-4E78-AEA9-643DC558479B}.Release|x64.Build.0 = Release|x64
		{765FE104-FABB-4E78-AEA9-643DC558479B}.SingleImage|Any CPU.ActiveCfg = Release|Any CPU
		{765FE104-FABB-4E78-AEA9-643DC558479B}.SingleImage|Any CPU.Build.0 = Release|Any CPU
		{765FE104-FABB-4E78-AEA9-643DC558479B}.SingleImage|Mixed Platforms.ActiveCfg = Debug|Any CPU
		{765FE104-FABB-4E78-AEA9-643DC558479B}.SingleImage|Mixed Platforms.Build.0 = Debug|Any CPU
		{765FE104-FABB-4E78-AEA9-643DC558479B}.SingleImage|x64.ActiveCfg = Release|x64
		{765FE104-FABB-4E78-AEA9-643DC558479B}.SingleImage|x64.Build.0 = Release|x64
		{14258F52-5067-4D57-A903-57792ACD78EA}.CD_ROM|Any CPU.ActiveCfg = Release|Any CPU
		{14258F52-5067-4D57-A903-57792ACD78EA}.CD_ROM|Any CPU.Build.0 = Release|Any CPU
		{14258F52-5067-4D57-A903-57792ACD78EA}.CD_ROM|Mixed Platforms.ActiveCfg = Debug|Any CPU
		{14258F52-5067-4D57-A903-57792ACD78EA}.CD_ROM|Mixed Platforms.Build.0 = Debug|Any CPU
		{14258F52-5067-4D57-A903-57792ACD78EA}.CD_ROM|x64.ActiveCfg = Release|x64
		{14258F52-5067-4D57-A903-57792ACD78EA}.CD_ROM|x64.Build.0 = Release|x64
		{14258F52-5067-4D57-A903-57792ACD78EA}.Debug|Any CPU.ActiveCfg = Debug|Any CPU
		{14258F52-5067-4D57-A903-57792ACD78EA}.Debug|Any CPU.Build.0 = Debug|Any CPU
		{14258F52-5067-4D57-A903-57792ACD78EA}.Debug|Mixed Platforms.ActiveCfg = Debug|Any CPU
		{14258F52-5067-4D57-A903-57792ACD78EA}.Debug|Mixed Platforms.Build.0 = Debug|Any CPU
		{14258F52-5067-4D57-A903-57792ACD78EA}.Debug|x64.ActiveCfg = Debug|x64
		{14258F52-5067-4D57-A903-57792ACD78EA}.Debug|x64.Build.0 = Debug|x64
		{14258F52-5067-4D57-A903-57792ACD78EA}.DVD-5|Any CPU.ActiveCfg = Debug|Any CPU
		{14258F52-5067-4D57-A903-57792ACD78EA}.DVD-5|Any CPU.Build.0 = Debug|Any CPU
		{14258F52-5067-4D57-A903-57792ACD78EA}.DVD-5|Mixed Platforms.ActiveCfg = Debug|Any CPU
		{14258F52-5067-4D57-A903-57792ACD78EA}.DVD-5|Mixed Platforms.Build.0 = Debug|Any CPU
		{14258F52-5067-4D57-A903-57792ACD78EA}.DVD-5|x64.ActiveCfg = Debug|x64
		{14258F52-5067-4D57-A903-57792ACD78EA}.DVD-5|x64.Build.0 = Debug|x64
		{14258F52-5067-4D57-A903-57792ACD78EA}.Release|Any CPU.ActiveCfg = Release|Any CPU
		{14258F52-5067-4D57-A903-57792ACD78EA}.Release|Any CPU.Build.0 = Release|Any CPU
		{14258F52-5067-4D57-A903-57792ACD78EA}.Release|Mixed Platforms.ActiveCfg = Release|Any CPU
		{14258F52-5067-4D57-A903-57792ACD78EA}.Release|Mixed Platforms.Build.0 = Release|Any CPU
		{14258F52-5067-4D57-A903-57792ACD78EA}.Release|x64.ActiveCfg = Release|x64
		{14258F52-5067-4D57-A903-57792ACD78EA}.Release|x64.Build.0 = Release|x64
		{14258F52-5067-4D57-A903-57792ACD78EA}.SingleImage|Any CPU.ActiveCfg = Release|Any CPU
		{14258F52-5067-4D57-A903-57792ACD78EA}.SingleImage|Any CPU.Build.0 = Release|Any CPU
		{14258F52-5067-4D57-A903-57792ACD78EA}.SingleImage|Mixed Platforms.ActiveCfg = Debug|Any CPU
		{14258F52-5067-4D57-A903-57792ACD78EA}.SingleImage|Mixed Platforms.Build.0 = Debug|Any CPU
		{14258F52-5067-4D57-A903-57792ACD78EA}.SingleImage|x64.ActiveCfg = Release|x64
		{14258F52-5067-4D57-A903-57792ACD78EA}.SingleImage|x64.Build.0 = Release|x64
		{E096ABD8-A04F-4FAC-8F21-86A71A567213}.CD_ROM|Any CPU.ActiveCfg = Release|Any CPU
		{E096ABD8-A04F-4FAC-8F21-86A71A567213}.CD_ROM|Any CPU.Build.0 = Release|Any CPU
		{E096ABD8-A04F-4FAC-8F21-86A71A567213}.CD_ROM|Mixed Platforms.ActiveCfg = Release|x86
		{E096ABD8-A04F-4FAC-8F21-86A71A567213}.CD_ROM|Mixed Platforms.Build.0 = Release|x86
		{E096ABD8-A04F-4FAC-8F21-86A71A567213}.CD_ROM|x64.ActiveCfg = Release|x64
		{E096ABD8-A04F-4FAC-8F21-86A71A567213}.CD_ROM|x64.Build.0 = Release|x64
		{E096ABD8-A04F-4FAC-8F21-86A71A567213}.Debug|Any CPU.ActiveCfg = Debug|Any CPU
		{E096ABD8-A04F-4FAC-8F21-86A71A567213}.Debug|Any CPU.Build.0 = Debug|Any CPU
		{E096ABD8-A04F-4FAC-8F21-86A71A567213}.Debug|Mixed Platforms.ActiveCfg = Debug|x86
		{E096ABD8-A04F-4FAC-8F21-86A71A567213}.Debug|Mixed Platforms.Build.0 = Debug|x86
		{E096ABD8-A04F-4FAC-8F21-86A71A567213}.Debug|x64.ActiveCfg = Debug|x86
		{E096ABD8-A04F-4FAC-8F21-86A71A567213}.DVD-5|Any CPU.ActiveCfg = Debug|Any CPU
		{E096ABD8-A04F-4FAC-8F21-86A71A567213}.DVD-5|Any CPU.Build.0 = Debug|Any CPU
		{E096ABD8-A04F-4FAC-8F21-86A71A567213}.DVD-5|Mixed Platforms.ActiveCfg = Debug|x86
		{E096ABD8-A04F-4FAC-8F21-86A71A567213}.DVD-5|Mixed Platforms.Build.0 = Debug|x86
		{E096ABD8-A04F-4FAC-8F21-86A71A567213}.DVD-5|x64.ActiveCfg = Debug|x64
		{E096ABD8-A04F-4FAC-8F21-86A71A567213}.DVD-5|x64.Build.0 = Debug|x64
		{E096ABD8-A04F-4FAC-8F21-86A71A567213}.Release|Any CPU.ActiveCfg = Release|Any CPU
		{E096ABD8-A04F-4FAC-8F21-86A71A567213}.Release|Any CPU.Build.0 = Release|Any CPU
		{E096ABD8-A04F-4FAC-8F21-86A71A567213}.Release|Mixed Platforms.ActiveCfg = Release|x86
		{E096ABD8-A04F-4FAC-8F21-86A71A567213}.Release|Mixed Platforms.Build.0 = Release|x86
		{E096ABD8-A04F-4FAC-8F21-86A71A567213}.Release|x64.ActiveCfg = Release|x86
		{E096ABD8-A04F-4FAC-8F21-86A71A567213}.SingleImage|Any CPU.ActiveCfg = Release|Any CPU
		{E096ABD8-A04F-4FAC-8F21-86A71A567213}.SingleImage|Any CPU.Build.0 = Release|Any CPU
		{E096ABD8-A04F-4FAC-8F21-86A71A567213}.SingleImage|Mixed Platforms.ActiveCfg = Release|x86
		{E096ABD8-A04F-4FAC-8F21-86A71A567213}.SingleImage|Mixed Platforms.Build.0 = Release|x86
		{E096ABD8-A04F-4FAC-8F21-86A71A567213}.SingleImage|x64.ActiveCfg = Release|x64
		{E096ABD8-A04F-4FAC-8F21-86A71A567213}.SingleImage|x64.Build.0 = Release|x64
		{DDC9AAE3-D01C-4703-9439-3326B704927A}.CD_ROM|Any CPU.ActiveCfg = Release|Any CPU
		{DDC9AAE3-D01C-4703-9439-3326B704927A}.CD_ROM|Any CPU.Build.0 = Release|Any CPU
		{DDC9AAE3-D01C-4703-9439-3326B704927A}.CD_ROM|Mixed Platforms.ActiveCfg = Release|x86
		{DDC9AAE3-D01C-4703-9439-3326B704927A}.CD_ROM|Mixed Platforms.Build.0 = Release|x86
		{DDC9AAE3-D01C-4703-9439-3326B704927A}.CD_ROM|x64.ActiveCfg = Release|x64
		{DDC9AAE3-D01C-4703-9439-3326B704927A}.CD_ROM|x64.Build.0 = Release|x64
		{DDC9AAE3-D01C-4703-9439-3326B704927A}.Debug|Any CPU.ActiveCfg = Debug|Any CPU
		{DDC9AAE3-D01C-4703-9439-3326B704927A}.Debug|Any CPU.Build.0 = Debug|Any CPU
		{DDC9AAE3-D01C-4703-9439-3326B704927A}.Debug|Mixed Platforms.ActiveCfg = Debug|x86
		{DDC9AAE3-D01C-4703-9439-3326B704927A}.Debug|Mixed Platforms.Build.0 = Debug|x86
		{DDC9AAE3-D01C-4703-9439-3326B704927A}.Debug|x64.ActiveCfg = Debug|x86
		{DDC9AAE3-D01C-4703-9439-3326B704927A}.DVD-5|Any CPU.ActiveCfg = Debug|Any CPU
		{DDC9AAE3-D01C-4703-9439-3326B704927A}.DVD-5|Any CPU.Build.0 = Debug|Any CPU
		{DDC9AAE3-D01C-4703-9439-3326B704927A}.DVD-5|Mixed Platforms.ActiveCfg = Debug|x86
		{DDC9AAE3-D01C-4703-9439-3326B704927A}.DVD-5|Mixed Platforms.Build.0 = Debug|x86
		{DDC9AAE3-D01C-4703-9439-3326B704927A}.DVD-5|x64.ActiveCfg = Debug|x64
		{DDC9AAE3-D01C-4703-9439-3326B704927A}.DVD-5|x64.Build.0 = Debug|x64
		{DDC9AAE3-D01C-4703-9439-3326B704927A}.Release|Any CPU.ActiveCfg = Release|Any CPU
		{DDC9AAE3-D01C-4703-9439-3326B704927A}.Release|Any CPU.Build.0 = Release|Any CPU
		{DDC9AAE3-D01C-4703-9439-3326B704927A}.Release|Mixed Platforms.ActiveCfg = Release|x86
		{DDC9AAE3-D01C-4703-9439-3326B704927A}.Release|Mixed Platforms.Build.0 = Release|x86
		{DDC9AAE3-D01C-4703-9439-3326B704927A}.Release|x64.ActiveCfg = Release|x86
		{DDC9AAE3-D01C-4703-9439-3326B704927A}.SingleImage|Any CPU.ActiveCfg = Release|Any CPU
		{DDC9AAE3-D01C-4703-9439-3326B704927A}.SingleImage|Any CPU.Build.0 = Release|Any CPU
		{DDC9AAE3-D01C-4703-9439-3326B704927A}.SingleImage|Mixed Platforms.ActiveCfg = Release|x86
		{DDC9AAE3-D01C-4703-9439-3326B704927A}.SingleImage|Mixed Platforms.Build.0 = Release|x86
		{DDC9AAE3-D01C-4703-9439-3326B704927A}.SingleImage|x64.ActiveCfg = Release|x64
		{DDC9AAE3-D01C-4703-9439-3326B704927A}.SingleImage|x64.Build.0 = Release|x64
		{D98118D6-0927-462F-9285-24B0645868DF}.CD_ROM|Any CPU.ActiveCfg = Release|Any CPU
		{D98118D6-0927-462F-9285-24B0645868DF}.CD_ROM|Any CPU.Build.0 = Release|Any CPU
		{D98118D6-0927-462F-9285-24B0645868DF}.CD_ROM|Mixed Platforms.ActiveCfg = Debug|Any CPU
		{D98118D6-0927-462F-9285-24B0645868DF}.CD_ROM|Mixed Platforms.Build.0 = Debug|Any CPU
		{D98118D6-0927-462F-9285-24B0645868DF}.CD_ROM|x64.ActiveCfg = Release|x64
		{D98118D6-0927-462F-9285-24B0645868DF}.CD_ROM|x64.Build.0 = Release|x64
		{D98118D6-0927-462F-9285-24B0645868DF}.Debug|Any CPU.ActiveCfg = Debug|Any CPU
		{D98118D6-0927-462F-9285-24B0645868DF}.Debug|Any CPU.Build.0 = Debug|Any CPU
		{D98118D6-0927-462F-9285-24B0645868DF}.Debug|Mixed Platforms.ActiveCfg = Debug|Any CPU
		{D98118D6-0927-462F-9285-24B0645868DF}.Debug|Mixed Platforms.Build.0 = Debug|Any CPU
		{D98118D6-0927-462F-9285-24B0645868DF}.Debug|x64.ActiveCfg = Debug|x64
		{D98118D6-0927-462F-9285-24B0645868DF}.Debug|x64.Build.0 = Debug|x64
		{D98118D6-0927-462F-9285-24B0645868DF}.DVD-5|Any CPU.ActiveCfg = Debug|Any CPU
		{D98118D6-0927-462F-9285-24B0645868DF}.DVD-5|Any CPU.Build.0 = Debug|Any CPU
		{D98118D6-0927-462F-9285-24B0645868DF}.DVD-5|Mixed Platforms.ActiveCfg = Debug|Any CPU
		{D98118D6-0927-462F-9285-24B0645868DF}.DVD-5|Mixed Platforms.Build.0 = Debug|Any CPU
		{D98118D6-0927-462F-9285-24B0645868DF}.DVD-5|x64.ActiveCfg = Debug|x64
		{D98118D6-0927-462F-9285-24B0645868DF}.DVD-5|x64.Build.0 = Debug|x64
		{D98118D6-0927-462F-9285-24B0645868DF}.Release|Any CPU.ActiveCfg = Release|Any CPU
		{D98118D6-0927-462F-9285-24B0645868DF}.Release|Any CPU.Build.0 = Release|Any CPU
		{D98118D6-0927-462F-9285-24B0645868DF}.Release|Mixed Platforms.ActiveCfg = Release|Any CPU
		{D98118D6-0927-462F-9285-24B0645868DF}.Release|Mixed Platforms.Build.0 = Release|Any CPU
		{D98118D6-0927-462F-9285-24B0645868DF}.Release|x64.ActiveCfg = Release|x64
		{D98118D6-0927-462F-9285-24B0645868DF}.Release|x64.Build.0 = Release|x64
		{D98118D6-0927-462F-9285-24B0645868DF}.SingleImage|Any CPU.ActiveCfg = Release|Any CPU
		{D98118D6-0927-462F-9285-24B0645868DF}.SingleImage|Any CPU.Build.0 = Release|Any CPU
		{D98118D6-0927-462F-9285-24B0645868DF}.SingleImage|Mixed Platforms.ActiveCfg = Debug|Any CPU
		{D98118D6-0927-462F-9285-24B0645868DF}.SingleImage|Mixed Platforms.Build.0 = Debug|Any CPU
		{D98118D6-0927-462F-9285-24B0645868DF}.SingleImage|x64.ActiveCfg = Release|x64
		{D98118D6-0927-462F-9285-24B0645868DF}.SingleImage|x64.Build.0 = Release|x64
		{F32B7435-A8A5-4631-8399-22CF3F2C3655}.CD_ROM|Any CPU.ActiveCfg = Release|Any CPU
		{F32B7435-A8A5-4631-8399-22CF3F2C3655}.CD_ROM|Any CPU.Build.0 = Release|Any CPU
		{F32B7435-A8A5-4631-8399-22CF3F2C3655}.CD_ROM|Mixed Platforms.ActiveCfg = Debug|Any CPU
		{F32B7435-A8A5-4631-8399-22CF3F2C3655}.CD_ROM|Mixed Platforms.Build.0 = Debug|Any CPU
		{F32B7435-A8A5-4631-8399-22CF3F2C3655}.CD_ROM|x64.ActiveCfg = Release|x64
		{F32B7435-A8A5-4631-8399-22CF3F2C3655}.CD_ROM|x64.Build.0 = Release|x64
		{F32B7435-A8A5-4631-8399-22CF3F2C3655}.Debug|Any CPU.ActiveCfg = Debug|Any CPU
		{F32B7435-A8A5-4631-8399-22CF3F2C3655}.Debug|Any CPU.Build.0 = Debug|Any CPU
		{F32B7435-A8A5-4631-8399-22CF3F2C3655}.Debug|Mixed Platforms.ActiveCfg = Debug|Any CPU
		{F32B7435-A8A5-4631-8399-22CF3F2C3655}.Debug|Mixed Platforms.Build.0 = Debug|Any CPU
		{F32B7435-A8A5-4631-8399-22CF3F2C3655}.Debug|x64.ActiveCfg = Debug|x64
		{F32B7435-A8A5-4631-8399-22CF3F2C3655}.Debug|x64.Build.0 = Debug|x64
		{F32B7435-A8A5-4631-8399-22CF3F2C3655}.DVD-5|Any CPU.ActiveCfg = Debug|Any CPU
		{F32B7435-A8A5-4631-8399-22CF3F2C3655}.DVD-5|Any CPU.Build.0 = Debug|Any CPU
		{F32B7435-A8A5-4631-8399-22CF3F2C3655}.DVD-5|Mixed Platforms.ActiveCfg = Debug|Any CPU
		{F32B7435-A8A5-4631-8399-22CF3F2C3655}.DVD-5|Mixed Platforms.Build.0 = Debug|Any CPU
		{F32B7435-A8A5-4631-8399-22CF3F2C3655}.DVD-5|x64.ActiveCfg = Debug|x64
		{F32B7435-A8A5-4631-8399-22CF3F2C3655}.DVD-5|x64.Build.0 = Debug|x64
		{F32B7435-A8A5-4631-8399-22CF3F2C3655}.Release|Any CPU.ActiveCfg = Release|Any CPU
		{F32B7435-A8A5-4631-8399-22CF3F2C3655}.Release|Any CPU.Build.0 = Release|Any CPU
		{F32B7435-A8A5-4631-8399-22CF3F2C3655}.Release|Mixed Platforms.ActiveCfg = Release|Any CPU
		{F32B7435-A8A5-4631-8399-22CF3F2C3655}.Release|Mixed Platforms.Build.0 = Release|Any CPU
		{F32B7435-A8A5-4631-8399-22CF3F2C3655}.Release|x64.ActiveCfg = Release|x64
		{F32B7435-A8A5-4631-8399-22CF3F2C3655}.Release|x64.Build.0 = Release|x64
		{F32B7435-A8A5-4631-8399-22CF3F2C3655}.SingleImage|Any CPU.ActiveCfg = Release|Any CPU
		{F32B7435-A8A5-4631-8399-22CF3F2C3655}.SingleImage|Any CPU.Build.0 = Release|Any CPU
		{F32B7435-A8A5-4631-8399-22CF3F2C3655}.SingleImage|Mixed Platforms.ActiveCfg = Debug|Any CPU
		{F32B7435-A8A5-4631-8399-22CF3F2C3655}.SingleImage|Mixed Platforms.Build.0 = Debug|Any CPU
		{F32B7435-A8A5-4631-8399-22CF3F2C3655}.SingleImage|x64.ActiveCfg = Release|x64
		{F32B7435-A8A5-4631-8399-22CF3F2C3655}.SingleImage|x64.Build.0 = Release|x64
		{E695BBCD-73A0-4B69-AE05-8260E5855ED6}.CD_ROM|Any CPU.ActiveCfg = Release|Any CPU
		{E695BBCD-73A0-4B69-AE05-8260E5855ED6}.CD_ROM|Any CPU.Build.0 = Release|Any CPU
		{E695BBCD-73A0-4B69-AE05-8260E5855ED6}.CD_ROM|Mixed Platforms.ActiveCfg = Debug|Any CPU
		{E695BBCD-73A0-4B69-AE05-8260E5855ED6}.CD_ROM|Mixed Platforms.Build.0 = Debug|Any CPU
		{E695BBCD-73A0-4B69-AE05-8260E5855ED6}.CD_ROM|x64.ActiveCfg = Release|x64
		{E695BBCD-73A0-4B69-AE05-8260E5855ED6}.CD_ROM|x64.Build.0 = Release|x64
		{E695BBCD-73A0-4B69-AE05-8260E5855ED6}.Debug|Any CPU.ActiveCfg = Debug|Any CPU
		{E695BBCD-73A0-4B69-AE05-8260E5855ED6}.Debug|Any CPU.Build.0 = Debug|Any CPU
		{E695BBCD-73A0-4B69-AE05-8260E5855ED6}.Debug|Mixed Platforms.ActiveCfg = Debug|Any CPU
		{E695BBCD-73A0-4B69-AE05-8260E5855ED6}.Debug|Mixed Platforms.Build.0 = Debug|Any CPU
		{E695BBCD-73A0-4B69-AE05-8260E5855ED6}.Debug|x64.ActiveCfg = Debug|x64
		{E695BBCD-73A0-4B69-AE05-8260E5855ED6}.Debug|x64.Build.0 = Debug|x64
		{E695BBCD-73A0-4B69-AE05-8260E5855ED6}.DVD-5|Any CPU.ActiveCfg = Debug|Any CPU
		{E695BBCD-73A0-4B69-AE05-8260E5855ED6}.DVD-5|Any CPU.Build.0 = Debug|Any CPU
		{E695BBCD-73A0-4B69-AE05-8260E5855ED6}.DVD-5|Mixed Platforms.ActiveCfg = Debug|Any CPU
		{E695BBCD-73A0-4B69-AE05-8260E5855ED6}.DVD-5|Mixed Platforms.Build.0 = Debug|Any CPU
		{E695BBCD-73A0-4B69-AE05-8260E5855ED6}.DVD-5|x64.ActiveCfg = Debug|x64
		{E695BBCD-73A0-4B69-AE05-8260E5855ED6}.DVD-5|x64.Build.0 = Debug|x64
		{E695BBCD-73A0-4B69-AE05-8260E5855ED6}.Release|Any CPU.ActiveCfg = Release|Any CPU
		{E695BBCD-73A0-4B69-AE05-8260E5855ED6}.Release|Any CPU.Build.0 = Release|Any CPU
		{E695BBCD-73A0-4B69-AE05-8260E5855ED6}.Release|Mixed Platforms.ActiveCfg = Release|Any CPU
		{E695BBCD-73A0-4B69-AE05-8260E5855ED6}.Release|Mixed Platforms.Build.0 = Release|Any CPU
		{E695BBCD-73A0-4B69-AE05-8260E5855ED6}.Release|x64.ActiveCfg = Release|x64
		{E695BBCD-73A0-4B69-AE05-8260E5855ED6}.Release|x64.Build.0 = Release|x64
		{E695BBCD-73A0-4B69-AE05-8260E5855ED6}.SingleImage|Any CPU.ActiveCfg = Release|Any CPU
		{E695BBCD-73A0-4B69-AE05-8260E5855ED6}.SingleImage|Any CPU.Build.0 = Release|Any CPU
		{E695BBCD-73A0-4B69-AE05-8260E5855ED6}.SingleImage|Mixed Platforms.ActiveCfg = Debug|Any CPU
		{E695BBCD-73A0-4B69-AE05-8260E5855ED6}.SingleImage|Mixed Platforms.Build.0 = Debug|Any CPU
		{E695BBCD-73A0-4B69-AE05-8260E5855ED6}.SingleImage|x64.ActiveCfg = Release|x64
		{E695BBCD-73A0-4B69-AE05-8260E5855ED6}.SingleImage|x64.Build.0 = Release|x64
		{87F17A18-4765-49A7-87F4-7FB9FDE1C6D9}.CD_ROM|Any CPU.ActiveCfg = Release|Any CPU
		{87F17A18-4765-49A7-87F4-7FB9FDE1C6D9}.CD_ROM|Any CPU.Build.0 = Release|Any CPU
		{87F17A18-4765-49A7-87F4-7FB9FDE1C6D9}.CD_ROM|Mixed Platforms.ActiveCfg = Debug|Any CPU
		{87F17A18-4765-49A7-87F4-7FB9FDE1C6D9}.CD_ROM|Mixed Platforms.Build.0 = Debug|Any CPU
		{87F17A18-4765-49A7-87F4-7FB9FDE1C6D9}.CD_ROM|x64.ActiveCfg = Release|x64
		{87F17A18-4765-49A7-87F4-7FB9FDE1C6D9}.CD_ROM|x64.Build.0 = Release|x64
		{87F17A18-4765-49A7-87F4-7FB9FDE1C6D9}.Debug|Any CPU.ActiveCfg = Debug|Any CPU
		{87F17A18-4765-49A7-87F4-7FB9FDE1C6D9}.Debug|Any CPU.Build.0 = Debug|Any CPU
		{87F17A18-4765-49A7-87F4-7FB9FDE1C6D9}.Debug|Mixed Platforms.ActiveCfg = Debug|Any CPU
		{87F17A18-4765-49A7-87F4-7FB9FDE1C6D9}.Debug|Mixed Platforms.Build.0 = Debug|Any CPU
		{87F17A18-4765-49A7-87F4-7FB9FDE1C6D9}.Debug|x64.ActiveCfg = Debug|x64
		{87F17A18-4765-49A7-87F4-7FB9FDE1C6D9}.Debug|x64.Build.0 = Debug|x64
		{87F17A18-4765-49A7-87F4-7FB9FDE1C6D9}.DVD-5|Any CPU.ActiveCfg = Debug|Any CPU
		{87F17A18-4765-49A7-87F4-7FB9FDE1C6D9}.DVD-5|Any CPU.Build.0 = Debug|Any CPU
		{87F17A18-4765-49A7-87F4-7FB9FDE1C6D9}.DVD-5|Mixed Platforms.ActiveCfg = Debug|Any CPU
		{87F17A18-4765-49A7-87F4-7FB9FDE1C6D9}.DVD-5|Mixed Platforms.Build.0 = Debug|Any CPU
		{87F17A18-4765-49A7-87F4-7FB9FDE1C6D9}.DVD-5|x64.ActiveCfg = Debug|x64
		{87F17A18-4765-49A7-87F4-7FB9FDE1C6D9}.DVD-5|x64.Build.0 = Debug|x64
		{87F17A18-4765-49A7-87F4-7FB9FDE1C6D9}.Release|Any CPU.ActiveCfg = Release|Any CPU
		{87F17A18-4765-49A7-87F4-7FB9FDE1C6D9}.Release|Any CPU.Build.0 = Release|Any CPU
		{87F17A18-4765-49A7-87F4-7FB9FDE1C6D9}.Release|Mixed Platforms.ActiveCfg = Release|Any CPU
		{87F17A18-4765-49A7-87F4-7FB9FDE1C6D9}.Release|Mixed Platforms.Build.0 = Release|Any CPU
		{87F17A18-4765-49A7-87F4-7FB9FDE1C6D9}.Release|x64.ActiveCfg = Release|x64
		{87F17A18-4765-49A7-87F4-7FB9FDE1C6D9}.Release|x64.Build.0 = Release|x64
		{87F17A18-4765-49A7-87F4-7FB9FDE1C6D9}.SingleImage|Any CPU.ActiveCfg = Release|Any CPU
		{87F17A18-4765-49A7-87F4-7FB9FDE1C6D9}.SingleImage|Any CPU.Build.0 = Release|Any CPU
		{87F17A18-4765-49A7-87F4-7FB9FDE1C6D9}.SingleImage|Mixed Platforms.ActiveCfg = Debug|Any CPU
		{87F17A18-4765-49A7-87F4-7FB9FDE1C6D9}.SingleImage|Mixed Platforms.Build.0 = Debug|Any CPU
		{87F17A18-4765-49A7-87F4-7FB9FDE1C6D9}.SingleImage|x64.ActiveCfg = Release|x64
		{87F17A18-4765-49A7-87F4-7FB9FDE1C6D9}.SingleImage|x64.Build.0 = Release|x64
		{F57D31FC-CF4D-4DCC-9EE5-FFCF71429D79}.CD_ROM|Any CPU.ActiveCfg = Release|Any CPU
		{F57D31FC-CF4D-4DCC-9EE5-FFCF71429D79}.CD_ROM|Any CPU.Build.0 = Release|Any CPU
		{F57D31FC-CF4D-4DCC-9EE5-FFCF71429D79}.CD_ROM|Mixed Platforms.ActiveCfg = Debug|Any CPU
		{F57D31FC-CF4D-4DCC-9EE5-FFCF71429D79}.CD_ROM|Mixed Platforms.Build.0 = Debug|Any CPU
		{F57D31FC-CF4D-4DCC-9EE5-FFCF71429D79}.CD_ROM|x64.ActiveCfg = Release|x64
		{F57D31FC-CF4D-4DCC-9EE5-FFCF71429D79}.CD_ROM|x64.Build.0 = Release|x64
		{F57D31FC-CF4D-4DCC-9EE5-FFCF71429D79}.Debug|Any CPU.ActiveCfg = Debug|Any CPU
		{F57D31FC-CF4D-4DCC-9EE5-FFCF71429D79}.Debug|Any CPU.Build.0 = Debug|Any CPU
		{F57D31FC-CF4D-4DCC-9EE5-FFCF71429D79}.Debug|Mixed Platforms.ActiveCfg = Debug|Any CPU
		{F57D31FC-CF4D-4DCC-9EE5-FFCF71429D79}.Debug|Mixed Platforms.Build.0 = Debug|Any CPU
		{F57D31FC-CF4D-4DCC-9EE5-FFCF71429D79}.Debug|x64.ActiveCfg = Debug|x64
		{F57D31FC-CF4D-4DCC-9EE5-FFCF71429D79}.Debug|x64.Build.0 = Debug|x64
		{F57D31FC-CF4D-4DCC-9EE5-FFCF71429D79}.DVD-5|Any CPU.ActiveCfg = Debug|Any CPU
		{F57D31FC-CF4D-4DCC-9EE5-FFCF71429D79}.DVD-5|Any CPU.Build.0 = Debug|Any CPU
		{F57D31FC-CF4D-4DCC-9EE5-FFCF71429D79}.DVD-5|Mixed Platforms.ActiveCfg = Debug|Any CPU
		{F57D31FC-CF4D-4DCC-9EE5-FFCF71429D79}.DVD-5|Mixed Platforms.Build.0 = Debug|Any CPU
		{F57D31FC-CF4D-4DCC-9EE5-FFCF71429D79}.DVD-5|x64.ActiveCfg = Debug|x64
		{F57D31FC-CF4D-4DCC-9EE5-FFCF71429D79}.DVD-5|x64.Build.0 = Debug|x64
		{F57D31FC-CF4D-4DCC-9EE5-FFCF71429D79}.Release|Any CPU.ActiveCfg = Release|Any CPU
		{F57D31FC-CF4D-4DCC-9EE5-FFCF71429D79}.Release|Any CPU.Build.0 = Release|Any CPU
		{F57D31FC-CF4D-4DCC-9EE5-FFCF71429D79}.Release|Mixed Platforms.ActiveCfg = Release|Any CPU
		{F57D31FC-CF4D-4DCC-9EE5-FFCF71429D79}.Release|Mixed Platforms.Build.0 = Release|Any CPU
		{F57D31FC-CF4D-4DCC-9EE5-FFCF71429D79}.Release|x64.ActiveCfg = Release|x64
		{F57D31FC-CF4D-4DCC-9EE5-FFCF71429D79}.Release|x64.Build.0 = Release|x64
		{F57D31FC-CF4D-4DCC-9EE5-FFCF71429D79}.SingleImage|Any CPU.ActiveCfg = Release|Any CPU
		{F57D31FC-CF4D-4DCC-9EE5-FFCF71429D79}.SingleImage|Any CPU.Build.0 = Release|Any CPU
		{F57D31FC-CF4D-4DCC-9EE5-FFCF71429D79}.SingleImage|Mixed Platforms.ActiveCfg = Debug|Any CPU
		{F57D31FC-CF4D-4DCC-9EE5-FFCF71429D79}.SingleImage|Mixed Platforms.Build.0 = Debug|Any CPU
		{F57D31FC-CF4D-4DCC-9EE5-FFCF71429D79}.SingleImage|x64.ActiveCfg = Release|x64
		{F57D31FC-CF4D-4DCC-9EE5-FFCF71429D79}.SingleImage|x64.Build.0 = Release|x64
		{161539B5-393F-41DA-AF4F-222F1ED5F41E}.CD_ROM|Any CPU.ActiveCfg = Release|Any CPU
		{161539B5-393F-41DA-AF4F-222F1ED5F41E}.CD_ROM|Any CPU.Build.0 = Release|Any CPU
		{161539B5-393F-41DA-AF4F-222F1ED5F41E}.CD_ROM|Mixed Platforms.ActiveCfg = Debug|Any CPU
		{161539B5-393F-41DA-AF4F-222F1ED5F41E}.CD_ROM|Mixed Platforms.Build.0 = Debug|Any CPU
		{161539B5-393F-41DA-AF4F-222F1ED5F41E}.CD_ROM|x64.ActiveCfg = Release|x64
		{161539B5-393F-41DA-AF4F-222F1ED5F41E}.CD_ROM|x64.Build.0 = Release|x64
		{161539B5-393F-41DA-AF4F-222F1ED5F41E}.Debug|Any CPU.ActiveCfg = Debug|Any CPU
		{161539B5-393F-41DA-AF4F-222F1ED5F41E}.Debug|Any CPU.Build.0 = Debug|Any CPU
		{161539B5-393F-41DA-AF4F-222F1ED5F41E}.Debug|Mixed Platforms.ActiveCfg = Debug|Any CPU
		{161539B5-393F-41DA-AF4F-222F1ED5F41E}.Debug|Mixed Platforms.Build.0 = Debug|Any CPU
		{161539B5-393F-41DA-AF4F-222F1ED5F41E}.Debug|x64.ActiveCfg = Debug|x64
		{161539B5-393F-41DA-AF4F-222F1ED5F41E}.Debug|x64.Build.0 = Debug|x64
		{161539B5-393F-41DA-AF4F-222F1ED5F41E}.DVD-5|Any CPU.ActiveCfg = Debug|Any CPU
		{161539B5-393F-41DA-AF4F-222F1ED5F41E}.DVD-5|Any CPU.Build.0 = Debug|Any CPU
		{161539B5-393F-41DA-AF4F-222F1ED5F41E}.DVD-5|Mixed Platforms.ActiveCfg = Debug|Any CPU
		{161539B5-393F-41DA-AF4F-222F1ED5F41E}.DVD-5|Mixed Platforms.Build.0 = Debug|Any CPU
		{161539B5-393F-41DA-AF4F-222F1ED5F41E}.DVD-5|x64.ActiveCfg = Debug|x64
		{161539B5-393F-41DA-AF4F-222F1ED5F41E}.DVD-5|x64.Build.0 = Debug|x64
		{161539B5-393F-41DA-AF4F-222F1ED5F41E}.Release|Any CPU.ActiveCfg = Release|Any CPU
		{161539B5-393F-41DA-AF4F-222F1ED5F41E}.Release|Any CPU.Build.0 = Release|Any CPU
		{161539B5-393F-41DA-AF4F-222F1ED5F41E}.Release|Mixed Platforms.ActiveCfg = Release|Any CPU
		{161539B5-393F-41DA-AF4F-222F1ED5F41E}.Release|Mixed Platforms.Build.0 = Release|Any CPU
		{161539B5-393F-41DA-AF4F-222F1ED5F41E}.Release|x64.ActiveCfg = Release|x64
		{161539B5-393F-41DA-AF4F-222F1ED5F41E}.Release|x64.Build.0 = Release|x64
		{161539B5-393F-41DA-AF4F-222F1ED5F41E}.SingleImage|Any CPU.ActiveCfg = Release|Any CPU
		{161539B5-393F-41DA-AF4F-222F1ED5F41E}.SingleImage|Any CPU.Build.0 = Release|Any CPU
		{161539B5-393F-41DA-AF4F-222F1ED5F41E}.SingleImage|Mixed Platforms.ActiveCfg = Debug|Any CPU
		{161539B5-393F-41DA-AF4F-222F1ED5F41E}.SingleImage|Mixed Platforms.Build.0 = Debug|Any CPU
		{161539B5-393F-41DA-AF4F-222F1ED5F41E}.SingleImage|x64.ActiveCfg = Release|x64
		{161539B5-393F-41DA-AF4F-222F1ED5F41E}.SingleImage|x64.Build.0 = Release|x64
		{BE57467E-F9D7-4A09-AF42-44E014876195}.CD_ROM|Any CPU.ActiveCfg = Debug|Any CPU
		{BE57467E-F9D7-4A09-AF42-44E014876195}.CD_ROM|Any CPU.Build.0 = Debug|Any CPU
		{BE57467E-F9D7-4A09-AF42-44E014876195}.CD_ROM|Mixed Platforms.ActiveCfg = Debug|Any CPU
		{BE57467E-F9D7-4A09-AF42-44E014876195}.CD_ROM|Mixed Platforms.Build.0 = Debug|Any CPU
		{BE57467E-F9D7-4A09-AF42-44E014876195}.CD_ROM|x64.ActiveCfg = Debug|Any CPU
		{BE57467E-F9D7-4A09-AF42-44E014876195}.CD_ROM|x64.Build.0 = Debug|Any CPU
		{BE57467E-F9D7-4A09-AF42-44E014876195}.Debug|Any CPU.ActiveCfg = Debug|Any CPU
		{BE57467E-F9D7-4A09-AF42-44E014876195}.Debug|Any CPU.Build.0 = Debug|Any CPU
		{BE57467E-F9D7-4A09-AF42-44E014876195}.Debug|Mixed Platforms.ActiveCfg = Debug|Any CPU
		{BE57467E-F9D7-4A09-AF42-44E014876195}.Debug|Mixed Platforms.Build.0 = Debug|Any CPU
		{BE57467E-F9D7-4A09-AF42-44E014876195}.Debug|x64.ActiveCfg = Debug|Any CPU
		{BE57467E-F9D7-4A09-AF42-44E014876195}.Debug|x64.Build.0 = Debug|Any CPU
		{BE57467E-F9D7-4A09-AF42-44E014876195}.DVD-5|Any CPU.ActiveCfg = Debug|Any CPU
		{BE57467E-F9D7-4A09-AF42-44E014876195}.DVD-5|Any CPU.Build.0 = Debug|Any CPU
		{BE57467E-F9D7-4A09-AF42-44E014876195}.DVD-5|Mixed Platforms.ActiveCfg = Debug|Any CPU
		{BE57467E-F9D7-4A09-AF42-44E014876195}.DVD-5|Mixed Platforms.Build.0 = Debug|Any CPU
		{BE57467E-F9D7-4A09-AF42-44E014876195}.DVD-5|x64.ActiveCfg = Debug|Any CPU
		{BE57467E-F9D7-4A09-AF42-44E014876195}.DVD-5|x64.Build.0 = Debug|Any CPU
		{BE57467E-F9D7-4A09-AF42-44E014876195}.Release|Any CPU.ActiveCfg = Release|Any CPU
		{BE57467E-F9D7-4A09-AF42-44E014876195}.Release|Any CPU.Build.0 = Release|Any CPU
		{BE57467E-F9D7-4A09-AF42-44E014876195}.Release|Mixed Platforms.ActiveCfg = Release|Any CPU
		{BE57467E-F9D7-4A09-AF42-44E014876195}.Release|Mixed Platforms.Build.0 = Release|Any CPU
		{BE57467E-F9D7-4A09-AF42-44E014876195}.Release|x64.ActiveCfg = Release|Any CPU
		{BE57467E-F9D7-4A09-AF42-44E014876195}.Release|x64.Build.0 = Release|Any CPU
		{BE57467E-F9D7-4A09-AF42-44E014876195}.SingleImage|Any CPU.ActiveCfg = Debug|Any CPU
		{BE57467E-F9D7-4A09-AF42-44E014876195}.SingleImage|Any CPU.Build.0 = Debug|Any CPU
		{BE57467E-F9D7-4A09-AF42-44E014876195}.SingleImage|Mixed Platforms.ActiveCfg = Debug|Any CPU
		{BE57467E-F9D7-4A09-AF42-44E014876195}.SingleImage|Mixed Platforms.Build.0 = Debug|Any CPU
		{BE57467E-F9D7-4A09-AF42-44E014876195}.SingleImage|x64.ActiveCfg = Debug|Any CPU
		{BE57467E-F9D7-4A09-AF42-44E014876195}.SingleImage|x64.Build.0 = Debug|Any CPU
		{C0077A16-D283-4434-ABDD-897E5D756197}.CD_ROM|Any CPU.ActiveCfg = Debug|Any CPU
		{C0077A16-D283-4434-ABDD-897E5D756197}.CD_ROM|Any CPU.Build.0 = Debug|Any CPU
		{C0077A16-D283-4434-ABDD-897E5D756197}.CD_ROM|Mixed Platforms.ActiveCfg = Debug|Any CPU
		{C0077A16-D283-4434-ABDD-897E5D756197}.CD_ROM|Mixed Platforms.Build.0 = Debug|Any CPU
		{C0077A16-D283-4434-ABDD-897E5D756197}.CD_ROM|x64.ActiveCfg = Debug|Any CPU
		{C0077A16-D283-4434-ABDD-897E5D756197}.CD_ROM|x64.Build.0 = Debug|Any CPU
		{C0077A16-D283-4434-ABDD-897E5D756197}.Debug|Any CPU.ActiveCfg = Debug|Any CPU
		{C0077A16-D283-4434-ABDD-897E5D756197}.Debug|Any CPU.Build.0 = Debug|Any CPU
		{C0077A16-D283-4434-ABDD-897E5D756197}.Debug|Mixed Platforms.ActiveCfg = Debug|Any CPU
		{C0077A16-D283-4434-ABDD-897E5D756197}.Debug|Mixed Platforms.Build.0 = Debug|Any CPU
		{C0077A16-D283-4434-ABDD-897E5D756197}.Debug|x64.ActiveCfg = Debug|Any CPU
		{C0077A16-D283-4434-ABDD-897E5D756197}.Debug|x64.Build.0 = Debug|Any CPU
		{C0077A16-D283-4434-ABDD-897E5D756197}.DVD-5|Any CPU.ActiveCfg = Debug|Any CPU
		{C0077A16-D283-4434-ABDD-897E5D756197}.DVD-5|Any CPU.Build.0 = Debug|Any CPU
		{C0077A16-D283-4434-ABDD-897E5D756197}.DVD-5|Mixed Platforms.ActiveCfg = Debug|Any CPU
		{C0077A16-D283-4434-ABDD-897E5D756197}.DVD-5|Mixed Platforms.Build.0 = Debug|Any CPU
		{C0077A16-D283-4434-ABDD-897E5D756197}.DVD-5|x64.ActiveCfg = Debug|Any CPU
		{C0077A16-D283-4434-ABDD-897E5D756197}.DVD-5|x64.Build.0 = Debug|Any CPU
		{C0077A16-D283-4434-ABDD-897E5D756197}.Release|Any CPU.ActiveCfg = Release|Any CPU
		{C0077A16-D283-4434-ABDD-897E5D756197}.Release|Any CPU.Build.0 = Release|Any CPU
		{C0077A16-D283-4434-ABDD-897E5D756197}.Release|Mixed Platforms.ActiveCfg = Release|Any CPU
		{C0077A16-D283-4434-ABDD-897E5D756197}.Release|Mixed Platforms.Build.0 = Release|Any CPU
		{C0077A16-D283-4434-ABDD-897E5D756197}.Release|x64.ActiveCfg = Release|Any CPU
		{C0077A16-D283-4434-ABDD-897E5D756197}.Release|x64.Build.0 = Release|Any CPU
		{C0077A16-D283-4434-ABDD-897E5D756197}.SingleImage|Any CPU.ActiveCfg = Debug|Any CPU
		{C0077A16-D283-4434-ABDD-897E5D756197}.SingleImage|Any CPU.Build.0 = Debug|Any CPU
		{C0077A16-D283-4434-ABDD-897E5D756197}.SingleImage|Mixed Platforms.ActiveCfg = Debug|Any CPU
		{C0077A16-D283-4434-ABDD-897E5D756197}.SingleImage|Mixed Platforms.Build.0 = Debug|Any CPU
		{C0077A16-D283-4434-ABDD-897E5D756197}.SingleImage|x64.ActiveCfg = Debug|Any CPU
		{C0077A16-D283-4434-ABDD-897E5D756197}.SingleImage|x64.Build.0 = Debug|Any CPU
		{05205DCF-0C0D-430D-BC7B-2F6063ABFC10}.CD_ROM|Any CPU.ActiveCfg = Debug|Any CPU
		{05205DCF-0C0D-430D-BC7B-2F6063ABFC10}.CD_ROM|Any CPU.Build.0 = Debug|Any CPU
		{05205DCF-0C0D-430D-BC7B-2F6063ABFC10}.CD_ROM|Mixed Platforms.ActiveCfg = Debug|Any CPU
		{05205DCF-0C0D-430D-BC7B-2F6063ABFC10}.CD_ROM|Mixed Platforms.Build.0 = Debug|Any CPU
		{05205DCF-0C0D-430D-BC7B-2F6063ABFC10}.CD_ROM|x64.ActiveCfg = Debug|Any CPU
		{05205DCF-0C0D-430D-BC7B-2F6063ABFC10}.CD_ROM|x64.Build.0 = Debug|Any CPU
		{05205DCF-0C0D-430D-BC7B-2F6063ABFC10}.Debug|Any CPU.ActiveCfg = Debug|Any CPU
		{05205DCF-0C0D-430D-BC7B-2F6063ABFC10}.Debug|Any CPU.Build.0 = Debug|Any CPU
		{05205DCF-0C0D-430D-BC7B-2F6063ABFC10}.Debug|Mixed Platforms.ActiveCfg = Debug|Any CPU
		{05205DCF-0C0D-430D-BC7B-2F6063ABFC10}.Debug|Mixed Platforms.Build.0 = Debug|Any CPU
		{05205DCF-0C0D-430D-BC7B-2F6063ABFC10}.Debug|x64.ActiveCfg = Debug|Any CPU
		{05205DCF-0C0D-430D-BC7B-2F6063ABFC10}.Debug|x64.Build.0 = Debug|Any CPU
		{05205DCF-0C0D-430D-BC7B-2F6063ABFC10}.DVD-5|Any CPU.ActiveCfg = Debug|Any CPU
		{05205DCF-0C0D-430D-BC7B-2F6063ABFC10}.DVD-5|Any CPU.Build.0 = Debug|Any CPU
		{05205DCF-0C0D-430D-BC7B-2F6063ABFC10}.DVD-5|Mixed Platforms.ActiveCfg = Debug|Any CPU
		{05205DCF-0C0D-430D-BC7B-2F6063ABFC10}.DVD-5|Mixed Platforms.Build.0 = Debug|Any CPU
		{05205DCF-0C0D-430D-BC7B-2F6063ABFC10}.DVD-5|x64.ActiveCfg = Debug|Any CPU
		{05205DCF-0C0D-430D-BC7B-2F6063ABFC10}.DVD-5|x64.Build.0 = Debug|Any CPU
		{05205DCF-0C0D-430D-BC7B-2F6063ABFC10}.Release|Any CPU.ActiveCfg = Release|Any CPU
		{05205DCF-0C0D-430D-BC7B-2F6063ABFC10}.Release|Any CPU.Build.0 = Release|Any CPU
		{05205DCF-0C0D-430D-BC7B-2F6063ABFC10}.Release|Mixed Platforms.ActiveCfg = Release|Any CPU
		{05205DCF-0C0D-430D-BC7B-2F6063ABFC10}.Release|Mixed Platforms.Build.0 = Release|Any CPU
		{05205DCF-0C0D-430D-BC7B-2F6063ABFC10}.Release|x64.ActiveCfg = Release|Any CPU
		{05205DCF-0C0D-430D-BC7B-2F6063ABFC10}.Release|x64.Build.0 = Release|Any CPU
		{05205DCF-0C0D-430D-BC7B-2F6063ABFC10}.SingleImage|Any CPU.ActiveCfg = Debug|Any CPU
		{05205DCF-0C0D-430D-BC7B-2F6063ABFC10}.SingleImage|Any CPU.Build.0 = Debug|Any CPU
		{05205DCF-0C0D-430D-BC7B-2F6063ABFC10}.SingleImage|Mixed Platforms.ActiveCfg = Debug|Any CPU
		{05205DCF-0C0D-430D-BC7B-2F6063ABFC10}.SingleImage|Mixed Platforms.Build.0 = Debug|Any CPU
		{05205DCF-0C0D-430D-BC7B-2F6063ABFC10}.SingleImage|x64.ActiveCfg = Debug|Any CPU
		{05205DCF-0C0D-430D-BC7B-2F6063ABFC10}.SingleImage|x64.Build.0 = Debug|Any CPU
	EndGlobalSection
	GlobalSection(SolutionProperties) = preSolution
		HideSolutionNode = FALSE
	EndGlobalSection
	GlobalSection(NestedProjects) = preSolution
		{195FB9AB-5160-42FA-B5E6-4A75D0F19ED8} = {7FC6BF2F-73D5-4453-A0E4-FC63575473E9}
		{3D08B682-51F3-4D84-97F3-5BCD34E2C691} = {7FC6BF2F-73D5-4453-A0E4-FC63575473E9}
		{62791625-01B3-4CF0-AB9F-14CC33B9C82A} = {7FC6BF2F-73D5-4453-A0E4-FC63575473E9}
		{6A290FBC-A9FC-4833-9C9C-875F0C284A5D} = {3FD1E477-E194-41AD-B5AE-49EBDB14A33E}
		{100389C7-1BAA-44BC-9457-F07F5B85A862} = {7FC6BF2F-73D5-4453-A0E4-FC63575473E9}
		{79FC7557-E9F7-4EE7-BBCE-1F3DE05993FD} = {7FC6BF2F-73D5-4453-A0E4-FC63575473E9}
		{765FE104-FABB-4E78-AEA9-643DC558479B} = {7FC6BF2F-73D5-4453-A0E4-FC63575473E9}
		{14258F52-5067-4D57-A903-57792ACD78EA} = {7FC6BF2F-73D5-4453-A0E4-FC63575473E9}
		{E096ABD8-A04F-4FAC-8F21-86A71A567213} = {3FD1E477-E194-41AD-B5AE-49EBDB14A33E}
		{DDC9AAE3-D01C-4703-9439-3326B704927A} = {1103DD50-7D4C-4256-8AEF-8DEB63B4AF73}
		{D98118D6-0927-462F-9285-24B0645868DF} = {1103DD50-7D4C-4256-8AEF-8DEB63B4AF73}
		{E695BBCD-73A0-4B69-AE05-8260E5855ED6} = {7FC6BF2F-73D5-4453-A0E4-FC63575473E9}
		{87F17A18-4765-49A7-87F4-7FB9FDE1C6D9} = {1103DD50-7D4C-4256-8AEF-8DEB63B4AF73}
		{F57D31FC-CF4D-4DCC-9EE5-FFCF71429D79} = {3FD1E477-E194-41AD-B5AE-49EBDB14A33E}
		{161539B5-393F-41DA-AF4F-222F1ED5F41E} = {571099E3-BDEB-404A-93B1-F3DD8DDCFF24}
		{BE57467E-F9D7-4A09-AF42-44E014876195} = {1103DD50-7D4C-4256-8AEF-8DEB63B4AF73}
		{C0077A16-D283-4434-ABDD-897E5D756197} = {3FD1E477-E194-41AD-B5AE-49EBDB14A33E}
		{05205DCF-0C0D-430D-BC7B-2F6063ABFC10} = {1103DD50-7D4C-4256-8AEF-8DEB63B4AF73}
	EndGlobalSection
	GlobalSection(ExtensibilityGlobals) = postSolution
		SolutionGuid = {9E3AB298-3294-427D-97C9-73FB7915AA34}
	EndGlobalSection
EndGlobal
